
Microsoft Visual Studio Solution File, Format Version 12.00
# Visual Studio Version 17
VisualStudioVersion = 17.4.33213.308
MinimumVisualStudioVersion = 10.0.40219.1
Project("{54A90642-561A-4BB1-A94E-469ADEE60C69}") = "pokebox", "pokebox\pokebox.esproj", "{0B96EE4C-FCDB-45E9-82BE-31FEB675FEDE}"
EndProject
Global
	GlobalSection(SolutionConfigurationPlatforms) = preSolution
		Debug|Any CPU = Debug|Any CPU
		Release|Any CPU = Release|Any CPU
	EndGlobalSection
	GlobalSection(ProjectConfigurationPlatforms) = postSolution
		{0B96EE4C-FCDB-45E9-82BE-31FEB675FEDE}.Debug|Any CPU.ActiveCfg = Debug|Any CPU
		{0B96EE4C-FCDB-45E9-82BE-31FEB675FEDE}.Debug|Any CPU.Build.0 = Debug|Any CPU
		{0B96EE4C-FCDB-45E9-82BE-31FEB675FEDE}.Debug|Any CPU.Deploy.0 = Debug|Any CPU
		{0B96EE4C-FCDB-45E9-82BE-31FEB675FEDE}.Release|Any CPU.ActiveCfg = Release|Any CPU
		{0B96EE4C-FCDB-45E9-82BE-31FEB675FEDE}.Release|Any CPU.Build.0 = Release|Any CPU
		{0B96EE4C-FCDB-45E9-82BE-31FEB675FEDE}.Release|Any CPU.Deploy.0 = Release|Any CPU
	EndGlobalSection
	GlobalSection(SolutionProperties) = preSolution
		HideSolutionNode = FALSE
	EndGlobalSection
	GlobalSection(ExtensibilityGlobals) = postSolution
		SolutionGuid = {B94A2B54-C7B7-4A63-B579-61843A8C6911}
	EndGlobalSection
EndGlobal
